
Microsoft Visual Studio Solution File, Format Version 12.00
# Visual Studio Version 16
VisualStudioVersion = 16.0.29519.87
MinimumVisualStudioVersion = 10.0.40219.1
Project("{FAE04EC0-301F-11D3-BF4B-00C04F79EFBC}") = "CellableMVC", "CellableMVC.csproj", "{B0BAA27D-E6F5-4966-A701-7124E8872CED}"
EndProject
Global
	GlobalSection(SolutionConfigurationPlatforms) = preSolution
		Debug|Any CPU = Debug|Any CPU
		Release|Any CPU = Release|Any CPU
	EndGlobalSection
	GlobalSection(ProjectConfigurationPlatforms) = postSolution
		{B0BAA27D-E6F5-4966-A701-7124E8872CED}.Debug|Any CPU.ActiveCfg = Debug|Any CPU
		{B0BAA27D-E6F5-4966-A701-7124E8872CED}.Debug|Any CPU.Build.0 = Debug|Any CPU
		{B0BAA27D-E6F5-4966-A701-7124E8872CED}.Release|Any CPU.ActiveCfg = Release|Any CPU
		{B0BAA27D-E6F5-4966-A701-7124E8872CED}.Release|Any CPU.Build.0 = Release|Any CPU
	EndGlobalSection
	GlobalSection(SolutionProperties) = preSolution
		HideSolutionNode = FALSE
	EndGlobalSection
	GlobalSection(ExtensibilityGlobals) = postSolution
		SolutionGuid = {706CF924-72C8-4D65-85ED-17ADF20A305C}
	EndGlobalSection
EndGlobal
